
Microsoft Visual Studio Solution File, Format Version 11.00
# Visual Studio 2010
Project("{FAE04EC0-301F-11D3-BF4B-00C04F79EFBC}") = "UnityEngine.TestRunner", "UnityEngine.TestRunner.csproj", "{5b5a5a24-6a80-24f7-4b5c-dbfadd4ce8b9}"
EndProject
Project("{FAE04EC0-301F-11D3-BF4B-00C04F79EFBC}") = "Unity.Timeline", "Unity.Timeline.csproj", "{6a4157d4-2319-e46e-ca1a-c7a9a6b1593c}"
EndProject
Project("{FAE04EC0-301F-11D3-BF4B-00C04F79EFBC}") = "UnityEngine.UI", "UnityEngine.UI.csproj", "{3e680cda-ff99-0f2e-68aa-63423ead6be9}"
EndProject
Project("{FAE04EC0-301F-11D3-BF4B-00C04F79EFBC}") = "Unity.TextMeshPro", "Unity.TextMeshPro.csproj", "{1e2f24e5-dad3-d285-a277-f8b2ce12042f}"
EndProject
Project("{FAE04EC0-301F-11D3-BF4B-00C04F79EFBC}") = "UnityEditor.TestRunner", "UnityEditor.TestRunner.csproj", "{446ddc1d-157a-0587-e036-589faa36baac}"
EndProject
Project("{FAE04EC0-301F-11D3-BF4B-00C04F79EFBC}") = "Unity.PlasticSCM.Editor", "Unity.PlasticSCM.Editor.csproj", "{335f8d61-e296-eca7-df4d-89b1bd8d43cc}"
EndProject
Project("{FAE04EC0-301F-11D3-BF4B-00C04F79EFBC}") = "UnityEditor.UI", "UnityEditor.UI.csproj", "{e7c96849-27f4-0842-28fb-3371dbe2f286}"
EndProject
Project("{FAE04EC0-301F-11D3-BF4B-00C04F79EFBC}") = "Unity.Services.Core.Editor", "Unity.Services.Core.Editor.csproj", "{216382b9-e56a-6368-adda-ed816ab93b67}"
EndProject
Project("{FAE04EC0-301F-11D3-BF4B-00C04F79EFBC}") = "Unity.Timeline.Editor", "Unity.Timeline.Editor.csproj", "{544977aa-970c-1207-f79e-6deced72d193}"
EndProject
Project("{FAE04EC0-301F-11D3-BF4B-00C04F79EFBC}") = "Unity.VisualStudio.Editor", "Unity.VisualStudio.Editor.csproj", "{9fe484ea-0904-29c0-374c-ab09d82652be}"
EndProject
Project("{FAE04EC0-301F-11D3-BF4B-00C04F79EFBC}") = "Unity.TextMeshPro.Editor", "Unity.TextMeshPro.Editor.csproj", "{dd281e47-d759-8773-97e3-073f5b871faa}"
EndProject
Project("{FAE04EC0-301F-11D3-BF4B-00C04F79EFBC}") = "Unity.CollabProxy.Editor", "Unity.CollabProxy.Editor.csproj", "{8dc9da89-3f43-a1dc-8c01-3b69b3cd7e41}"
EndProject
Project("{FAE04EC0-301F-11D3-BF4B-00C04F79EFBC}") = "Unity.Rider.Editor", "Unity.Rider.Editor.csproj", "{f53b0bf1-109e-4eb1-76f3-900ce2cbd430}"
EndProject
Project("{FAE04EC0-301F-11D3-BF4B-00C04F79EFBC}") = "Unity.VSCode.Editor", "Unity.VSCode.Editor.csproj", "{0d45b32d-34ec-8699-1dcd-5f7fb38a1a83}"
EndProject
Global
	GlobalSection(SolutionConfigurationPlatforms) = preSolution
		Debug|Any CPU = Debug|Any CPU
	EndGlobalSection
	GlobalSection(ProjectConfigurationPlatforms) = postSolution
		{5b5a5a24-6a80-24f7-4b5c-dbfadd4ce8b9}.Debug|Any CPU.ActiveCfg = Debug|Any CPU
		{5b5a5a24-6a80-24f7-4b5c-dbfadd4ce8b9}.Debug|Any CPU.Build.0 = Debug|Any CPU
		{6a4157d4-2319-e46e-ca1a-c7a9a6b1593c}.Debug|Any CPU.ActiveCfg = Debug|Any CPU
		{6a4157d4-2319-e46e-ca1a-c7a9a6b1593c}.Debug|Any CPU.Build.0 = Debug|Any CPU
		{3e680cda-ff99-0f2e-68aa-63423ead6be9}.Debug|Any CPU.ActiveCfg = Debug|Any CPU
		{3e680cda-ff99-0f2e-68aa-63423ead6be9}.Debug|Any CPU.Build.0 = Debug|Any CPU
		{1e2f24e5-dad3-d285-a277-f8b2ce12042f}.Debug|Any CPU.ActiveCfg = Debug|Any CPU
		{1e2f24e5-dad3-d285-a277-f8b2ce12042f}.Debug|Any CPU.Build.0 = Debug|Any CPU
		{446ddc1d-157a-0587-e036-589faa36baac}.Debug|Any CPU.ActiveCfg = Debug|Any CPU
		{446ddc1d-157a-0587-e036-589faa36baac}.Debug|Any CPU.Build.0 = Debug|Any CPU
		{335f8d61-e296-eca7-df4d-89b1bd8d43cc}.Debug|Any CPU.ActiveCfg = Debug|Any CPU
		{335f8d61-e296-eca7-df4d-89b1bd8d43cc}.Debug|Any CPU.Build.0 = Debug|Any CPU
		{e7c96849-27f4-0842-28fb-3371dbe2f286}.Debug|Any CPU.ActiveCfg = Debug|Any CPU
		{e7c96849-27f4-0842-28fb-3371dbe2f286}.Debug|Any CPU.Build.0 = Debug|Any CPU
		{216382b9-e56a-6368-adda-ed816ab93b67}.Debug|Any CPU.ActiveCfg = Debug|Any CPU
		{216382b9-e56a-6368-adda-ed816ab93b67}.Debug|Any CPU.Build.0 = Debug|Any CPU
		{544977aa-970c-1207-f79e-6deced72d193}.Debug|Any CPU.ActiveCfg = Debug|Any CPU
		{544977aa-970c-1207-f79e-6deced72d193}.Debug|Any CPU.Build.0 = Debug|Any CPU
		{9fe484ea-0904-29c0-374c-ab09d82652be}.Debug|Any CPU.ActiveCfg = Debug|Any CPU
		{9fe484ea-0904-29c0-374c-ab09d82652be}.Debug|Any CPU.Build.0 = Debug|Any CPU
		{dd281e47-d759-8773-97e3-073f5b871faa}.Debug|Any CPU.ActiveCfg = Debug|Any CPU
		{dd281e47-d759-8773-97e3-073f5b871faa}.Debug|Any CPU.Build.0 = Debug|Any CPU
		{8dc9da89-3f43-a1dc-8c01-3b69b3cd7e41}.Debug|Any CPU.ActiveCfg = Debug|Any CPU
		{8dc9da89-3f43-a1dc-8c01-3b69b3cd7e41}.Debug|Any CPU.Build.0 = Debug|Any CPU
		{f53b0bf1-109e-4eb1-76f3-900ce2cbd430}.Debug|Any CPU.ActiveCfg = Debug|Any CPU
		{f53b0bf1-109e-4eb1-76f3-900ce2cbd430}.Debug|Any CPU.Build.0 = Debug|Any CPU
		{0d45b32d-34ec-8699-1dcd-5f7fb38a1a83}.Debug|Any CPU.ActiveCfg = Debug|Any CPU
		{0d45b32d-34ec-8699-1dcd-5f7fb38a1a83}.Debug|Any CPU.Build.0 = Debug|Any CPU
	EndGlobalSection
	GlobalSection(SolutionProperties) = preSolution
		HideSolutionNode = FALSE
	EndGlobalSection
EndGlobal
